
Microsoft Visual Studio Solution File, Format Version 12.00
# Visual Studio Version 17
VisualStudioVersion = 17.1.32228.430
MinimumVisualStudioVersion = 10.0.40219.1
Project("{FAE04EC0-301F-11D3-BF4B-00C04F79EFBC}") = "ejercicio1", "ejercicio1\ejercicio1.csproj", "{B1E38F32-DD8D-44D9-95DD-06B16EC1A68A}"
EndProject
Project("{FAE04EC0-301F-11D3-BF4B-00C04F79EFBC}") = "ejercicio2", "ejercicio2\ejercicio2.csproj", "{F5F48D07-9DE2-453D-8DC0-8FA328B914BF}"
EndProject
Project("{FAE04EC0-301F-11D3-BF4B-00C04F79EFBC}") = "ejercicio3", "ejercicio3\ejercicio3.csproj", "{C7FB003A-BBB6-4059-879C-CD3A124B95D8}"
EndProject
Global
	GlobalSection(SolutionConfigurationPlatforms) = preSolution
		Debug|Any CPU = Debug|Any CPU
		Release|Any CPU = Release|Any CPU
	EndGlobalSection
	GlobalSection(ProjectConfigurationPlatforms) = postSolution
		{B1E38F32-DD8D-44D9-95DD-06B16EC1A68A}.Debug|Any CPU.ActiveCfg = Debug|Any CPU
		{B1E38F32-DD8D-44D9-95DD-06B16EC1A68A}.Debug|Any CPU.Build.0 = Debug|Any CPU
		{B1E38F32-DD8D-44D9-95DD-06B16EC1A68A}.Release|Any CPU.ActiveCfg = Release|Any CPU
		{B1E38F32-DD8D-44D9-95DD-06B16EC1A68A}.Release|Any CPU.Build.0 = Release|Any CPU
		{F5F48D07-9DE2-453D-8DC0-8FA328B914BF}.Debug|Any CPU.ActiveCfg = Debug|Any CPU
		{F5F48D07-9DE2-453D-8DC0-8FA328B914BF}.Debug|Any CPU.Build.0 = Debug|Any CPU
		{F5F48D07-9DE2-453D-8DC0-8FA328B914BF}.Release|Any CPU.ActiveCfg = Release|Any CPU
		{F5F48D07-9DE2-453D-8DC0-8FA328B914BF}.Release|Any CPU.Build.0 = Release|Any CPU
		{C7FB003A-BBB6-4059-879C-CD3A124B95D8}.Debug|Any CPU.ActiveCfg = Debug|Any CPU
		{C7FB003A-BBB6-4059-879C-CD3A124B95D8}.Debug|Any CPU.Build.0 = Debug|Any CPU
		{C7FB003A-BBB6-4059-879C-CD3A124B95D8}.Release|Any CPU.ActiveCfg = Release|Any CPU
		{C7FB003A-BBB6-4059-879C-CD3A124B95D8}.Release|Any CPU.Build.0 = Release|Any CPU
	EndGlobalSection
	GlobalSection(SolutionProperties) = preSolution
		HideSolutionNode = FALSE
	EndGlobalSection
	GlobalSection(ExtensibilityGlobals) = postSolution
		SolutionGuid = {BF7EADE8-BDC3-4AA9-9865-DE6033C4BBED}
	EndGlobalSection
EndGlobal
